
Microsoft Visual Studio Solution File, Format Version 12.00
# Visual Studio 2012
Project("{FAE04EC0-301F-11D3-BF4B-00C04F79EFBC}") = "Workflow.MVC3.Application", "Workflow.MVC3.Application\Workflow.MVC3.Application.csproj", "{EA1334FF-21EF-42D6-93E6-9AABB5D19D20}"
EndProject
Project("{FAE04EC0-301F-11D3-BF4B-00C04F79EFBC}") = "Workflow.MVC3.Ui", "Workflow.MVC3.Ui\Workflow.MVC3.Ui.csproj", "{40434CBC-4C5E-4AE9-B135-44E90A88CE9E}"
EndProject
Project("{FAE04EC0-301F-11D3-BF4B-00C04F79EFBC}") = "Workflow.MVC3.Domain", "Workflow.MVC3.Domain\Workflow.MVC3.Domain.csproj", "{6B1D6831-7CB6-49C1-A10A-5BF8543620C3}"
EndProject
Project("{FAE04EC0-301F-11D3-BF4B-00C04F79EFBC}") = "Workflow.MVC3.Infrastructure", "Workflow.MVC3.Infrastructure\Workflow.MVC3.Infrastructure.csproj", "{D33BFA62-2C95-4AAE-BBC1-A77804D0B3A8}"
EndProject
Project("{FAE04EC0-301F-11D3-BF4B-00C04F79EFBC}") = "Workflow.MVC3.WebUi", "Workflow.MVC3.WebUi\Workflow.MVC3.WebUi.csproj", "{96E73A83-DD43-43B8-A495-13195863ECB9}"
EndProject
Global
	GlobalSection(SolutionConfigurationPlatforms) = preSolution
		Debug|Any CPU = Debug|Any CPU
		Release|Any CPU = Release|Any CPU
	EndGlobalSection
	GlobalSection(ProjectConfigurationPlatforms) = postSolution
		{EA1334FF-21EF-42D6-93E6-9AABB5D19D20}.Debug|Any CPU.ActiveCfg = Debug|Any CPU
		{EA1334FF-21EF-42D6-93E6-9AABB5D19D20}.Debug|Any CPU.Build.0 = Debug|Any CPU
		{EA1334FF-21EF-42D6-93E6-9AABB5D19D20}.Release|Any CPU.ActiveCfg = Release|Any CPU
		{EA1334FF-21EF-42D6-93E6-9AABB5D19D20}.Release|Any CPU.Build.0 = Release|Any CPU
		{40434CBC-4C5E-4AE9-B135-44E90A88CE9E}.Debug|Any CPU.ActiveCfg = Debug|Any CPU
		{40434CBC-4C5E-4AE9-B135-44E90A88CE9E}.Debug|Any CPU.Build.0 = Debug|Any CPU
		{40434CBC-4C5E-4AE9-B135-44E90A88CE9E}.Release|Any CPU.ActiveCfg = Release|Any CPU
		{40434CBC-4C5E-4AE9-B135-44E90A88CE9E}.Release|Any CPU.Build.0 = Release|Any CPU
		{6B1D6831-7CB6-49C1-A10A-5BF8543620C3}.Debug|Any CPU.ActiveCfg = Debug|Any CPU
		{6B1D6831-7CB6-49C1-A10A-5BF8543620C3}.Debug|Any CPU.Build.0 = Debug|Any CPU
		{6B1D6831-7CB6-49C1-A10A-5BF8543620C3}.Release|Any CPU.ActiveCfg = Release|Any CPU
		{6B1D6831-7CB6-49C1-A10A-5BF8543620C3}.Release|Any CPU.Build.0 = Release|Any CPU
		{D33BFA62-2C95-4AAE-BBC1-A77804D0B3A8}.Debug|Any CPU.ActiveCfg = Debug|Any CPU
		{D33BFA62-2C95-4AAE-BBC1-A77804D0B3A8}.Debug|Any CPU.Build.0 = Debug|Any CPU
		{D33BFA62-2C95-4AAE-BBC1-A77804D0B3A8}.Release|Any CPU.ActiveCfg = Release|Any CPU
		{D33BFA62-2C95-4AAE-BBC1-A77804D0B3A8}.Release|Any CPU.Build.0 = Release|Any CPU
		{96E73A83-DD43-43B8-A495-13195863ECB9}.Debug|Any CPU.ActiveCfg = Debug|Any CPU
		{96E73A83-DD43-43B8-A495-13195863ECB9}.Debug|Any CPU.Build.0 = Debug|Any CPU
		{96E73A83-DD43-43B8-A495-13195863ECB9}.Release|Any CPU.ActiveCfg = Release|Any CPU
		{96E73A83-DD43-43B8-A495-13195863ECB9}.Release|Any CPU.Build.0 = Release|Any CPU
	EndGlobalSection
	GlobalSection(SolutionProperties) = preSolution
		HideSolutionNode = FALSE
	EndGlobalSection
EndGlobal
