
Microsoft Visual Studio Solution File, Format Version 12.00
# Visual Studio 2012
Project("{FAE04EC0-301F-11D3-BF4B-00C04F79EFBC}") = "Web.Test.Domain", "..\Web.Domain\Web.Test.Domain.csproj", "{6177D484-2DDF-4EED-98EE-2CAB216676C2}"
EndProject
Project("{FAE04EC0-301F-11D3-BF4B-00C04F79EFBC}") = "Web.Test.Ui", "..\Web.Test.Ui\Web.Test.Ui.csproj", "{8B50CF37-3D5D-422E-8272-0863790086D2}"
EndProject
Project("{FAE04EC0-301F-11D3-BF4B-00C04F79EFBC}") = "Web.Ui", "..\Web.Ui\Web.Ui.csproj", "{33A22EEF-EEC1-4B53-9BE7-75129AC3E107}"
EndProject
Project("{FAE04EC0-301F-11D3-BF4B-00C04F79EFBC}") = "Web.Test.Application", "..\Web.Test.Application\Web.Test.Application.csproj", "{3A4EA615-F58C-4198-95A9-E6A9A285B5A6}"
EndProject
Project("{FAE04EC0-301F-11D3-BF4B-00C04F79EFBC}") = "Web.Test.Infrastructure", "..\Web.Test.Infrastructure\Web.Test.Infrastructure.csproj", "{CE8E4443-15E3-4BB5-A377-FA17ACFE4232}"
EndProject
Global
	GlobalSection(SolutionConfigurationPlatforms) = preSolution
		Debug|Any CPU = Debug|Any CPU
		Release|Any CPU = Release|Any CPU
	EndGlobalSection
	GlobalSection(ProjectConfigurationPlatforms) = postSolution
		{6177D484-2DDF-4EED-98EE-2CAB216676C2}.Debug|Any CPU.ActiveCfg = Debug|Any CPU
		{6177D484-2DDF-4EED-98EE-2CAB216676C2}.Debug|Any CPU.Build.0 = Debug|Any CPU
		{6177D484-2DDF-4EED-98EE-2CAB216676C2}.Release|Any CPU.ActiveCfg = Release|Any CPU
		{6177D484-2DDF-4EED-98EE-2CAB216676C2}.Release|Any CPU.Build.0 = Release|Any CPU
		{8B50CF37-3D5D-422E-8272-0863790086D2}.Debug|Any CPU.ActiveCfg = Debug|Any CPU
		{8B50CF37-3D5D-422E-8272-0863790086D2}.Debug|Any CPU.Build.0 = Debug|Any CPU
		{8B50CF37-3D5D-422E-8272-0863790086D2}.Release|Any CPU.ActiveCfg = Release|Any CPU
		{8B50CF37-3D5D-422E-8272-0863790086D2}.Release|Any CPU.Build.0 = Release|Any CPU
		{33A22EEF-EEC1-4B53-9BE7-75129AC3E107}.Debug|Any CPU.ActiveCfg = Debug|Any CPU
		{33A22EEF-EEC1-4B53-9BE7-75129AC3E107}.Debug|Any CPU.Build.0 = Debug|Any CPU
		{33A22EEF-EEC1-4B53-9BE7-75129AC3E107}.Release|Any CPU.ActiveCfg = Release|Any CPU
		{33A22EEF-EEC1-4B53-9BE7-75129AC3E107}.Release|Any CPU.Build.0 = Release|Any CPU
		{3A4EA615-F58C-4198-95A9-E6A9A285B5A6}.Debug|Any CPU.ActiveCfg = Debug|Any CPU
		{3A4EA615-F58C-4198-95A9-E6A9A285B5A6}.Debug|Any CPU.Build.0 = Debug|Any CPU
		{3A4EA615-F58C-4198-95A9-E6A9A285B5A6}.Release|Any CPU.ActiveCfg = Release|Any CPU
		{3A4EA615-F58C-4198-95A9-E6A9A285B5A6}.Release|Any CPU.Build.0 = Release|Any CPU
		{CE8E4443-15E3-4BB5-A377-FA17ACFE4232}.Debug|Any CPU.ActiveCfg = Debug|Any CPU
		{CE8E4443-15E3-4BB5-A377-FA17ACFE4232}.Debug|Any CPU.Build.0 = Debug|Any CPU
		{CE8E4443-15E3-4BB5-A377-FA17ACFE4232}.Release|Any CPU.ActiveCfg = Release|Any CPU
		{CE8E4443-15E3-4BB5-A377-FA17ACFE4232}.Release|Any CPU.Build.0 = Release|Any CPU
	EndGlobalSection
	GlobalSection(SolutionProperties) = preSolution
		HideSolutionNode = FALSE
	EndGlobalSection
EndGlobal
