
Microsoft Visual Studio Solution File, Format Version 12.00
# Visual Studio 2013
VisualStudioVersion = 12.0.30501.0
MinimumVisualStudioVersion = 10.0.40219.1
Project("{2150E333-8FDC-42A3-9474-1A3956D46DE8}") = "Solution Items", "Solution Items", "{3F26556B-81DF-480C-B258-0486721DE335}"
	ProjectSection(SolutionItems) = preProject
		Local.testsettings = Local.testsettings
		TraceAndTestImpact.testsettings = TraceAndTestImpact.testsettings
		Workflow.Umbraco4.vsmdi = Workflow.Umbraco4.vsmdi
	EndProjectSection
EndProject
Project("{FAE04EC0-301F-11D3-BF4B-00C04F79EFBC}") = "Umbraco.Web.Ui", "..\Umbraco.Web.Ui\Umbraco.Web.Ui.csproj", "{CAD4E524-78A3-47D4-948D-170C359858F0}"
EndProject
Project("{2150E333-8FDC-42A3-9474-1A3956D46DE8}") = ".nuget", ".nuget", "{232E0AC0-F940-43D9-9D60-1E08A1F3CCB7}"
	ProjectSection(SolutionItems) = preProject
		.nuget\NuGet.Config = .nuget\NuGet.Config
		.nuget\NuGet.exe = .nuget\NuGet.exe
		.nuget\NuGet.targets = .nuget\NuGet.targets
	EndProjectSection
EndProject
Project("{FAE04EC0-301F-11D3-BF4B-00C04F79EFBC}") = "Moriyama.Workflow.Umbraco6", "Moriyama.Workflow.Umbraco6\Moriyama.Workflow.Umbraco6.csproj", "{3EE4D7D1-FFE3-401E-921D-40358DD217EE}"
EndProject
Global
	GlobalSection(SolutionConfigurationPlatforms) = preSolution
		Debug|Any CPU = Debug|Any CPU
		Release|Any CPU = Release|Any CPU
	EndGlobalSection
	GlobalSection(ProjectConfigurationPlatforms) = postSolution
		{CAD4E524-78A3-47D4-948D-170C359858F0}.Debug|Any CPU.ActiveCfg = Debug|Any CPU
		{CAD4E524-78A3-47D4-948D-170C359858F0}.Debug|Any CPU.Build.0 = Debug|Any CPU
		{CAD4E524-78A3-47D4-948D-170C359858F0}.Release|Any CPU.ActiveCfg = Release|Any CPU
		{CAD4E524-78A3-47D4-948D-170C359858F0}.Release|Any CPU.Build.0 = Release|Any CPU
		{3EE4D7D1-FFE3-401E-921D-40358DD217EE}.Debug|Any CPU.ActiveCfg = Debug|Any CPU
		{3EE4D7D1-FFE3-401E-921D-40358DD217EE}.Debug|Any CPU.Build.0 = Debug|Any CPU
		{3EE4D7D1-FFE3-401E-921D-40358DD217EE}.Release|Any CPU.ActiveCfg = Release|Any CPU
		{3EE4D7D1-FFE3-401E-921D-40358DD217EE}.Release|Any CPU.Build.0 = Release|Any CPU
	EndGlobalSection
	GlobalSection(SolutionProperties) = preSolution
		HideSolutionNode = FALSE
	EndGlobalSection
	GlobalSection(TestCaseManagementSettings) = postSolution
		CategoryFile = Workflow.Umbraco4.vsmdi
	EndGlobalSection
EndGlobal
