
Microsoft Visual Studio Solution File, Format Version 11.00
# Visual Studio 2010
Project("{2150E333-8FDC-42A3-9474-1A3956D46DE8}") = "Solution Items", "Solution Items", "{3F26556B-81DF-480C-B258-0486721DE335}"
	ProjectSection(SolutionItems) = preProject
		Local.testsettings = Local.testsettings
		TraceAndTestImpact.testsettings = TraceAndTestImpact.testsettings
		Workflow.Umbraco4.vsmdi = Workflow.Umbraco4.vsmdi
	EndProjectSection
EndProject
Project("{FAE04EC0-301F-11D3-BF4B-00C04F79EFBC}") = "Umbraco.Domain", "..\Umbraco.Domain\Umbraco.Domain.csproj", "{8D579149-0993-4638-B349-E26C776489CD}"
EndProject
Project("{FAE04EC0-301F-11D3-BF4B-00C04F79EFBC}") = "Umbraco.Application", "..\Umbraco.Application\Umbraco.Application.csproj", "{68CCF606-2D6B-4D41-B872-C0D1B58F2DAD}"
EndProject
Project("{FAE04EC0-301F-11D3-BF4B-00C04F79EFBC}") = "Umbraco.Task", "..\Umbraco.Task\Umbraco.Task.csproj", "{450A59DF-C9B1-47DD-9B8A-1AE9F8078FE1}"
EndProject
Project("{FAE04EC0-301F-11D3-BF4B-00C04F79EFBC}") = "Umbraco.Ui", "..\Umbraco.Ui\Umbraco.Ui.csproj", "{BCD7B998-3577-4041-B124-5C11B2FD578D}"
EndProject
Project("{FAE04EC0-301F-11D3-BF4B-00C04F79EFBC}") = "Umbraco.Web.Ui", "..\Umbraco.Web.Ui\Umbraco.Web.Ui.csproj", "{CAD4E524-78A3-47D4-948D-170C359858F0}"
EndProject
Project("{FAE04EC0-301F-11D3-BF4B-00C04F79EFBC}") = "Umbraco.Installer", "..\Umbraco.Installer\Umbraco.Installer.csproj", "{A9E672A8-AA58-4456-94FD-0579F70DEAAD}"
EndProject
Project("{FAE04EC0-301F-11D3-BF4B-00C04F79EFBC}") = "Umbraco.Tests", "..\Umbraco.Tests\Umbraco.Tests.csproj", "{12D20A5F-1CF9-45BE-98F1-4D6F920922FD}"
EndProject
Project("{FAE04EC0-301F-11D3-BF4B-00C04F79EFBC}") = "Umbraco.Infrastructure", "..\Umbraco.Infrastructure\Umbraco.Infrastructure.csproj", "{A82DF10E-5276-478B-A420-50FCAC765F14}"
EndProject
Global
	GlobalSection(TestCaseManagementSettings) = postSolution
		CategoryFile = Workflow.Umbraco4.vsmdi
	EndGlobalSection
	GlobalSection(SolutionConfigurationPlatforms) = preSolution
		Debug|Any CPU = Debug|Any CPU
		Release|Any CPU = Release|Any CPU
	EndGlobalSection
	GlobalSection(ProjectConfigurationPlatforms) = postSolution
		{8D579149-0993-4638-B349-E26C776489CD}.Debug|Any CPU.ActiveCfg = Debug|Any CPU
		{8D579149-0993-4638-B349-E26C776489CD}.Debug|Any CPU.Build.0 = Debug|Any CPU
		{8D579149-0993-4638-B349-E26C776489CD}.Release|Any CPU.ActiveCfg = Release|Any CPU
		{8D579149-0993-4638-B349-E26C776489CD}.Release|Any CPU.Build.0 = Release|Any CPU
		{68CCF606-2D6B-4D41-B872-C0D1B58F2DAD}.Debug|Any CPU.ActiveCfg = Debug|Any CPU
		{68CCF606-2D6B-4D41-B872-C0D1B58F2DAD}.Debug|Any CPU.Build.0 = Debug|Any CPU
		{68CCF606-2D6B-4D41-B872-C0D1B58F2DAD}.Release|Any CPU.ActiveCfg = Release|Any CPU
		{68CCF606-2D6B-4D41-B872-C0D1B58F2DAD}.Release|Any CPU.Build.0 = Release|Any CPU
		{450A59DF-C9B1-47DD-9B8A-1AE9F8078FE1}.Debug|Any CPU.ActiveCfg = Debug|Any CPU
		{450A59DF-C9B1-47DD-9B8A-1AE9F8078FE1}.Debug|Any CPU.Build.0 = Debug|Any CPU
		{450A59DF-C9B1-47DD-9B8A-1AE9F8078FE1}.Release|Any CPU.ActiveCfg = Release|Any CPU
		{450A59DF-C9B1-47DD-9B8A-1AE9F8078FE1}.Release|Any CPU.Build.0 = Release|Any CPU
		{BCD7B998-3577-4041-B124-5C11B2FD578D}.Debug|Any CPU.ActiveCfg = Debug|Any CPU
		{BCD7B998-3577-4041-B124-5C11B2FD578D}.Debug|Any CPU.Build.0 = Debug|Any CPU
		{BCD7B998-3577-4041-B124-5C11B2FD578D}.Release|Any CPU.ActiveCfg = Release|Any CPU
		{BCD7B998-3577-4041-B124-5C11B2FD578D}.Release|Any CPU.Build.0 = Release|Any CPU
		{CAD4E524-78A3-47D4-948D-170C359858F0}.Debug|Any CPU.ActiveCfg = Debug|Any CPU
		{CAD4E524-78A3-47D4-948D-170C359858F0}.Debug|Any CPU.Build.0 = Debug|Any CPU
		{CAD4E524-78A3-47D4-948D-170C359858F0}.Release|Any CPU.ActiveCfg = Release|Any CPU
		{CAD4E524-78A3-47D4-948D-170C359858F0}.Release|Any CPU.Build.0 = Release|Any CPU
		{A9E672A8-AA58-4456-94FD-0579F70DEAAD}.Debug|Any CPU.ActiveCfg = Debug|Any CPU
		{A9E672A8-AA58-4456-94FD-0579F70DEAAD}.Debug|Any CPU.Build.0 = Debug|Any CPU
		{A9E672A8-AA58-4456-94FD-0579F70DEAAD}.Release|Any CPU.ActiveCfg = Release|Any CPU
		{A9E672A8-AA58-4456-94FD-0579F70DEAAD}.Release|Any CPU.Build.0 = Release|Any CPU
		{12D20A5F-1CF9-45BE-98F1-4D6F920922FD}.Debug|Any CPU.ActiveCfg = Debug|Any CPU
		{12D20A5F-1CF9-45BE-98F1-4D6F920922FD}.Debug|Any CPU.Build.0 = Debug|Any CPU
		{12D20A5F-1CF9-45BE-98F1-4D6F920922FD}.Release|Any CPU.ActiveCfg = Release|Any CPU
		{12D20A5F-1CF9-45BE-98F1-4D6F920922FD}.Release|Any CPU.Build.0 = Release|Any CPU
		{A82DF10E-5276-478B-A420-50FCAC765F14}.Debug|Any CPU.ActiveCfg = Debug|Any CPU
		{A82DF10E-5276-478B-A420-50FCAC765F14}.Debug|Any CPU.Build.0 = Debug|Any CPU
		{A82DF10E-5276-478B-A420-50FCAC765F14}.Release|Any CPU.ActiveCfg = Release|Any CPU
		{A82DF10E-5276-478B-A420-50FCAC765F14}.Release|Any CPU.Build.0 = Release|Any CPU
	EndGlobalSection
	GlobalSection(SolutionProperties) = preSolution
		HideSolutionNode = FALSE
	EndGlobalSection
EndGlobal
