
Microsoft Visual Studio Solution File, Format Version 11.00
# Visual Studio 2010
Project("{FAE04EC0-301F-11D3-BF4B-00C04F79EFBC}") = "Domain", "Domain\Domain.csproj", "{EB40991A-8E48-45CB-99B7-70BC4E521EA8}"
EndProject
Project("{FAE04EC0-301F-11D3-BF4B-00C04F79EFBC}") = "Tests", "Tests\Tests.csproj", "{EBF5E5D0-3C79-4E07-8D6F-0B3A3EF980C6}"
EndProject
Project("{2150E333-8FDC-42A3-9474-1A3956D46DE8}") = "Solution Items", "Solution Items", "{E46F673F-64DD-428C-A072-52A80AEB1897}"
	ProjectSection(SolutionItems) = preProject
		FergusonMoriyama.Workflow.vsmdi = FergusonMoriyama.Workflow.vsmdi
		Local.testsettings = Local.testsettings
		..\..\..\Downloads\log4net.dll = ..\..\..\Downloads\log4net.dll
		TraceAndTestImpact.testsettings = TraceAndTestImpact.testsettings
	EndProjectSection
EndProject
Project("{FAE04EC0-301F-11D3-BF4B-00C04F79EFBC}") = "Infrastructure", "Infrastructure\Infrastructure.csproj", "{00F36DC4-690C-4712-9B30-C397AC03A2A3}"
EndProject
Project("{FAE04EC0-301F-11D3-BF4B-00C04F79EFBC}") = "Interfaces", "Interfaces\Interfaces.csproj", "{63F5AE2E-50EA-4C5F-99AB-647C6972C261}"
EndProject
Project("{FAE04EC0-301F-11D3-BF4B-00C04F79EFBC}") = "Application", "Application\Application.csproj", "{67B97F9A-03E6-499D-9A03-447C0859D785}"
EndProject
Project("{FAE04EC0-301F-11D3-BF4B-00C04F79EFBC}") = "Ui", "Ui\Ui.csproj", "{A97910EF-75F8-4658-BF36-F1D76232E329}"
EndProject
Project("{FAE04EC0-301F-11D3-BF4B-00C04F79EFBC}") = "License", "License\License.csproj", "{94D0CCB8-5383-4BFD-ADB5-002AED1D11A3}"
EndProject
Global
	GlobalSection(TestCaseManagementSettings) = postSolution
		CategoryFile = FergusonMoriyama.Workflow.vsmdi
	EndGlobalSection
	GlobalSection(SolutionConfigurationPlatforms) = preSolution
		Debug|Any CPU = Debug|Any CPU
		Release|Any CPU = Release|Any CPU
	EndGlobalSection
	GlobalSection(ProjectConfigurationPlatforms) = postSolution
		{EB40991A-8E48-45CB-99B7-70BC4E521EA8}.Debug|Any CPU.ActiveCfg = Debug|Any CPU
		{EB40991A-8E48-45CB-99B7-70BC4E521EA8}.Debug|Any CPU.Build.0 = Debug|Any CPU
		{EB40991A-8E48-45CB-99B7-70BC4E521EA8}.Release|Any CPU.ActiveCfg = Release|Any CPU
		{EB40991A-8E48-45CB-99B7-70BC4E521EA8}.Release|Any CPU.Build.0 = Release|Any CPU
		{EBF5E5D0-3C79-4E07-8D6F-0B3A3EF980C6}.Debug|Any CPU.ActiveCfg = Debug|Any CPU
		{EBF5E5D0-3C79-4E07-8D6F-0B3A3EF980C6}.Debug|Any CPU.Build.0 = Debug|Any CPU
		{EBF5E5D0-3C79-4E07-8D6F-0B3A3EF980C6}.Release|Any CPU.ActiveCfg = Release|Any CPU
		{EBF5E5D0-3C79-4E07-8D6F-0B3A3EF980C6}.Release|Any CPU.Build.0 = Release|Any CPU
		{00F36DC4-690C-4712-9B30-C397AC03A2A3}.Debug|Any CPU.ActiveCfg = Debug|Any CPU
		{00F36DC4-690C-4712-9B30-C397AC03A2A3}.Debug|Any CPU.Build.0 = Debug|Any CPU
		{00F36DC4-690C-4712-9B30-C397AC03A2A3}.Release|Any CPU.ActiveCfg = Release|Any CPU
		{00F36DC4-690C-4712-9B30-C397AC03A2A3}.Release|Any CPU.Build.0 = Release|Any CPU
		{63F5AE2E-50EA-4C5F-99AB-647C6972C261}.Debug|Any CPU.ActiveCfg = Debug|Any CPU
		{63F5AE2E-50EA-4C5F-99AB-647C6972C261}.Debug|Any CPU.Build.0 = Debug|Any CPU
		{63F5AE2E-50EA-4C5F-99AB-647C6972C261}.Release|Any CPU.ActiveCfg = Release|Any CPU
		{63F5AE2E-50EA-4C5F-99AB-647C6972C261}.Release|Any CPU.Build.0 = Release|Any CPU
		{67B97F9A-03E6-499D-9A03-447C0859D785}.Debug|Any CPU.ActiveCfg = Debug|Any CPU
		{67B97F9A-03E6-499D-9A03-447C0859D785}.Debug|Any CPU.Build.0 = Debug|Any CPU
		{67B97F9A-03E6-499D-9A03-447C0859D785}.Release|Any CPU.ActiveCfg = Release|Any CPU
		{67B97F9A-03E6-499D-9A03-447C0859D785}.Release|Any CPU.Build.0 = Release|Any CPU
		{A97910EF-75F8-4658-BF36-F1D76232E329}.Debug|Any CPU.ActiveCfg = Debug|Any CPU
		{A97910EF-75F8-4658-BF36-F1D76232E329}.Debug|Any CPU.Build.0 = Debug|Any CPU
		{A97910EF-75F8-4658-BF36-F1D76232E329}.Release|Any CPU.ActiveCfg = Release|Any CPU
		{A97910EF-75F8-4658-BF36-F1D76232E329}.Release|Any CPU.Build.0 = Release|Any CPU
		{94D0CCB8-5383-4BFD-ADB5-002AED1D11A3}.Debug|Any CPU.ActiveCfg = Debug|Any CPU
		{94D0CCB8-5383-4BFD-ADB5-002AED1D11A3}.Debug|Any CPU.Build.0 = Debug|Any CPU
		{94D0CCB8-5383-4BFD-ADB5-002AED1D11A3}.Release|Any CPU.ActiveCfg = Release|Any CPU
		{94D0CCB8-5383-4BFD-ADB5-002AED1D11A3}.Release|Any CPU.Build.0 = Release|Any CPU
	EndGlobalSection
	GlobalSection(SolutionProperties) = preSolution
		HideSolutionNode = FALSE
	EndGlobalSection
EndGlobal
